
Microsoft Visual Studio Solution File, Format Version 12.00
# Visual Studio 14
VisualStudioVersion = 14.0.25420.1
MinimumVisualStudioVersion = 10.0.40219.1
Project("{FAE04EC0-301F-11D3-BF4B-00C04F79EFBC}") = "MainProgram", "MainProgram\MainProgram.csproj", "{3A9490A8-B53E-43FF-A051-1E8B444476D3}"
	ProjectSection(ProjectDependencies) = postProject
		{C6F9C31B-6130-4443-A5CC-EF0664552ECD} = {C6F9C31B-6130-4443-A5CC-EF0664552ECD}
		{4508C4D1-85BB-4F3F-9E3B-CC93D231C65D} = {4508C4D1-85BB-4F3F-9E3B-CC93D231C65D}
	EndProjectSection
EndProject
Project("{FAE04EC0-301F-11D3-BF4B-00C04F79EFBC}") = "Microsoft.Kinect.Toolkit", "Microsoft.Kinect.Toolkit\Microsoft.Kinect.Toolkit.csproj", "{C6F9C31B-6130-4443-A5CC-EF0664552ECD}"
EndProject
Project("{FAE04EC0-301F-11D3-BF4B-00C04F79EFBC}") = "Microsoft.Kinect.Toolkit.Controls", "Microsoft.Kinect.Toolkit.Controls\Microsoft.Kinect.Toolkit.Controls.csproj", "{4508C4D1-85BB-4F3F-9E3B-CC93D231C65D}"
EndProject
Project("{54435603-DBB4-11D2-8724-00A0C9A8B90C}") = "SetupProgram", "SetupProgram\SetupProgram.vdproj", "{42CAB171-530D-4C6D-B9D1-742B24D38A25}"
EndProject
Project("{FAE04EC0-301F-11D3-BF4B-00C04F79EFBC}") = "MainProgram2", "MainProgram2\MainProgram2.csproj", "{80A7995B-6ECA-4998-9149-89E77BF6F30F}"
EndProject
Global
	GlobalSection(SolutionConfigurationPlatforms) = preSolution
		Debug|Any CPU = Debug|Any CPU
		Release|Any CPU = Release|Any CPU
	EndGlobalSection
	GlobalSection(ProjectConfigurationPlatforms) = postSolution
		{3A9490A8-B53E-43FF-A051-1E8B444476D3}.Debug|Any CPU.ActiveCfg = Debug|Any CPU
		{3A9490A8-B53E-43FF-A051-1E8B444476D3}.Debug|Any CPU.Build.0 = Debug|Any CPU
		{3A9490A8-B53E-43FF-A051-1E8B444476D3}.Release|Any CPU.ActiveCfg = Release|Any CPU
		{3A9490A8-B53E-43FF-A051-1E8B444476D3}.Release|Any CPU.Build.0 = Release|Any CPU
		{C6F9C31B-6130-4443-A5CC-EF0664552ECD}.Debug|Any CPU.ActiveCfg = Debug|Any CPU
		{C6F9C31B-6130-4443-A5CC-EF0664552ECD}.Debug|Any CPU.Build.0 = Debug|Any CPU
		{C6F9C31B-6130-4443-A5CC-EF0664552ECD}.Release|Any CPU.ActiveCfg = Release|Any CPU
		{C6F9C31B-6130-4443-A5CC-EF0664552ECD}.Release|Any CPU.Build.0 = Release|Any CPU
		{4508C4D1-85BB-4F3F-9E3B-CC93D231C65D}.Debug|Any CPU.ActiveCfg = Debug|Any CPU
		{4508C4D1-85BB-4F3F-9E3B-CC93D231C65D}.Debug|Any CPU.Build.0 = Debug|Any CPU
		{4508C4D1-85BB-4F3F-9E3B-CC93D231C65D}.Release|Any CPU.ActiveCfg = Release|Any CPU
		{4508C4D1-85BB-4F3F-9E3B-CC93D231C65D}.Release|Any CPU.Build.0 = Release|Any CPU
		{42CAB171-530D-4C6D-B9D1-742B24D38A25}.Debug|Any CPU.ActiveCfg = Debug
		{42CAB171-530D-4C6D-B9D1-742B24D38A25}.Release|Any CPU.ActiveCfg = Release
		{80A7995B-6ECA-4998-9149-89E77BF6F30F}.Debug|Any CPU.ActiveCfg = Debug|Any CPU
		{80A7995B-6ECA-4998-9149-89E77BF6F30F}.Debug|Any CPU.Build.0 = Debug|Any CPU
		{80A7995B-6ECA-4998-9149-89E77BF6F30F}.Release|Any CPU.ActiveCfg = Release|Any CPU
		{80A7995B-6ECA-4998-9149-89E77BF6F30F}.Release|Any CPU.Build.0 = Release|Any CPU
	EndGlobalSection
	GlobalSection(SolutionProperties) = preSolution
		HideSolutionNode = FALSE
	EndGlobalSection
EndGlobal
